
Microsoft Visual Studio Solution File, Format Version 12.00
# Visual Studio Version 17
VisualStudioVersion = 17.9.34723.18
MinimumVisualStudioVersion = 10.0.40219.1
Project("{8BC9CEB8-8B4A-11D0-8D11-00A0C91BC942}") = "xdefiant-dma", "xdefiant-dma\xdefiant-dma.vcxproj", "{6ADB44D2-C08E-4A3A-B016-55BBA355E069}"
EndProject
Global
	GlobalSection(SolutionConfigurationPlatforms) = preSolution
		Debug|x64 = Debug|x64
		Debug|x86 = Debug|x86
		Release|x64 = Release|x64
		Release|x86 = Release|x86
		Release-Executeable|x64 = Release-Executeable|x64
		Release-Executeable|x86 = Release-Executeable|x86
	EndGlobalSection
	GlobalSection(ProjectConfigurationPlatforms) = postSolution
		{6ADB44D2-C08E-4A3A-B016-55BBA355E069}.Debug|x64.ActiveCfg = Debug|x64
		{6ADB44D2-C08E-4A3A-B016-55BBA355E069}.Debug|x64.Build.0 = Debug|x64
		{6ADB44D2-C08E-4A3A-B016-55BBA355E069}.Debug|x86.ActiveCfg = Debug|Win32
		{6ADB44D2-C08E-4A3A-B016-55BBA355E069}.Debug|x86.Build.0 = Debug|Win32
		{6ADB44D2-C08E-4A3A-B016-55BBA355E069}.Release|x64.ActiveCfg = Release|x64
		{6ADB44D2-C08E-4A3A-B016-55BBA355E069}.Release|x64.Build.0 = Release|x64
		{6ADB44D2-C08E-4A3A-B016-55BBA355E069}.Release|x86.ActiveCfg = Release|Win32
		{6ADB44D2-C08E-4A3A-B016-55BBA355E069}.Release|x86.Build.0 = Release|Win32
		{6ADB44D2-C08E-4A3A-B016-55BBA355E069}.Release-Executeable|x64.ActiveCfg = Release-exe|x64
		{6ADB44D2-C08E-4A3A-B016-55BBA355E069}.Release-Executeable|x64.Build.0 = Release-exe|x64
		{6ADB44D2-C08E-4A3A-B016-55BBA355E069}.Release-Executeable|x86.ActiveCfg = Release-exe|Win32
		{6ADB44D2-C08E-4A3A-B016-55BBA355E069}.Release-Executeable|x86.Build.0 = Release-exe|Win32
	EndGlobalSection
	GlobalSection(SolutionProperties) = preSolution
		HideSolutionNode = FALSE
	EndGlobalSection
	GlobalSection(ExtensibilityGlobals) = postSolution
		SolutionGuid = {C1AA5E50-9AE0-4294-8C09-8DB4CAECC7C6}
	EndGlobalSection
EndGlobal
